
Microsoft Visual Studio Solution File, Format Version 12.00
# Visual Studio Version 17
VisualStudioVersion = 17.1.32328.378
MinimumVisualStudioVersion = 10.0.40219.1
Project("{FAE04EC0-301F-11D3-BF4B-00C04F79EFBC}") = "RSA_Demo", "RSA_Demo\RSA_Demo.csproj", "{B58813F6-970B-4B31-B4FF-A401C9095480}"
EndProject
Global
	GlobalSection(SolutionConfigurationPlatforms) = preSolution
		Debug|Any CPU = Debug|Any CPU
		Release|Any CPU = Release|Any CPU
	EndGlobalSection
	GlobalSection(ProjectConfigurationPlatforms) = postSolution
		{B58813F6-970B-4B31-B4FF-A401C9095480}.Debug|Any CPU.ActiveCfg = Debug|Any CPU
		{B58813F6-970B-4B31-B4FF-A401C9095480}.Debug|Any CPU.Build.0 = Debug|Any CPU
		{B58813F6-970B-4B31-B4FF-A401C9095480}.Release|Any CPU.ActiveCfg = Release|Any CPU
		{B58813F6-970B-4B31-B4FF-A401C9095480}.Release|Any CPU.Build.0 = Release|Any CPU
	EndGlobalSection
	GlobalSection(SolutionProperties) = preSolution
		HideSolutionNode = FALSE
	EndGlobalSection
	GlobalSection(ExtensibilityGlobals) = postSolution
		SolutionGuid = {44F0EDE4-6500-46DD-98FC-94432F7A5B97}
	EndGlobalSection
EndGlobal
